PODS:
  - SQLite.swift (0.11.5):
    - SQLite.swift/standard (= 0.11.5)
  - SQLite.swift/standard (0.11.5)
  - SwiftLint (0.27.0)

DEPENDENCIES:
  - SQLite.swift (= 0.11.5)
  - SwiftLint (= 0.27.0)

SPEC REPOS:
  https://github.com/cocoapods/specs.git:
    - SQLite.swift
    - SwiftLint

SPEC CHECKSUMS:
  SQLite.swift: 6e5356850bb1791459f8c16d6ee9195b28714a2e
  SwiftLint: 3207c1faa2240bf8973b191820a116113cd11073

PODFILE CHECKSUM: 160be72fbe7c28efa2e34c82e70864e71515217b

COCOAPODS: 1.5.3
