// !$*UTF8*$!
{
	archiveVersion = 1;
	classes = {
	};
	objectVersion = 50;
	objects = {

/* Begin PBXBuildFile section */
		35D8FBE22166ED0100D3EF19 /* ViewProtocol.swift in Sources */ = {isa = PBXBuildFile; fileRef = 35D8FBE12166ED0100D3EF19 /* ViewProtocol.swift */; };
		35D8FBE42166ED2100D3EF19 /* PresenterProtocol.swift in Sources */ = {isa = PBXBuildFile; fileRef = 35D8FBE32166ED2100D3EF19 /* PresenterProtocol.swift */; };
		35D8FBE82166ED6300D3EF19 /* WriteJotViewController.swift in Sources */ = {isa = PBXBuildFile; fileRef = 35D8FBE62166ED6300D3EF19 /* WriteJotViewController.swift */; };
		35D8FBE92166ED6300D3EF19 /* WriteJotViewController.xib in Resources */ = {isa = PBXBuildFile; fileRef = 35D8FBE72166ED6300D3EF19 /* WriteJotViewController.xib */; };
		35D8FBED216ED04C00D3EF19 /* WriteJotPresenter.swift in Sources */ = {isa = PBXBuildFile; fileRef = 35D8FBEC216ED04C00D3EF19 /* WriteJotPresenter.swift */; };
		35D8FC01216F8C4E00D3EF19 /* Prettify.swift in Sources */ = {isa = PBXBuildFile; fileRef = 35D8FC00216F8C4E00D3EF19 /* Prettify.swift */; };
		35D8FC03216F8D4600D3EF19 /* TestHelper.swift in Sources */ = {isa = PBXBuildFile; fileRef = 35D8FC02216F8D4600D3EF19 /* TestHelper.swift */; };
		35D8FC0C2170132400D3EF19 /* PresenterProtocolTests.swift in Sources */ = {isa = PBXBuildFile; fileRef = 35D8FC0B2170132400D3EF19 /* PresenterProtocolTests.swift */; };
		35D8FC0E2170139700D3EF19 /* WriteJotViewControllerTests.swift in Sources */ = {isa = PBXBuildFile; fileRef = 35D8FC0D2170139700D3EF19 /* WriteJotViewControllerTests.swift */; };
		35D8FC10217013BC00D3EF19 /* WriteJotPresenterTests.swift in Sources */ = {isa = PBXBuildFile; fileRef = 35D8FC0F217013BC00D3EF19 /* WriteJotPresenterTests.swift */; };
		35D8FC132172503800D3EF19 /* LaunchScreen.storyboard in Resources */ = {isa = PBXBuildFile; fileRef = 35D8FC112172503800D3EF19 /* LaunchScreen.storyboard */; };
		35D8FC152172559F00D3EF19 /* DatabaseInitializationProtocol.swift in Sources */ = {isa = PBXBuildFile; fileRef = 35D8FC142172559F00D3EF19 /* DatabaseInitializationProtocol.swift */; };
		35D8FC18217255DA00D3EF19 /* DatabaseError.swift in Sources */ = {isa = PBXBuildFile; fileRef = 35D8FC17217255DA00D3EF19 /* DatabaseError.swift */; };
		35D8FC1E21725D6300D3EF19 /* DateExtension.swift in Sources */ = {isa = PBXBuildFile; fileRef = 35D8FC1D21725D6300D3EF19 /* DateExtension.swift */; };
		35E183B1215C63D30055BB01 /* AppDelegate.swift in Sources */ = {isa = PBXBuildFile; fileRef = 35E183B0215C63D30055BB01 /* AppDelegate.swift */; };
		35E183BC215C63D40055BB01 /* Assets.xcassets in Resources */ = {isa = PBXBuildFile; fileRef = 35E183BB215C63D40055BB01 /* Assets.xcassets */; };
		780242C32166CB6200642FFD /* initialize.swift in Sources */ = {isa = PBXBuildFile; fileRef = 780242C22166CB6200642FFD /* initialize.swift */; };
		784F65B2216435E00007D564 /* Jot.swift in Sources */ = {isa = PBXBuildFile; fileRef = 784F65B1216435E00007D564 /* Jot.swift */; };
		784F65B4216438880007D564 /* People.swift in Sources */ = {isa = PBXBuildFile; fileRef = 784F65B3216438880007D564 /* People.swift */; };
		784F65B62164391B0007D564 /* JotPeople.swift in Sources */ = {isa = PBXBuildFile; fileRef = 784F65B52164391B0007D564 /* JotPeople.swift */; };
		784F65B8216439680007D564 /* Event.swift in Sources */ = {isa = PBXBuildFile; fileRef = 784F65B7216439680007D564 /* Event.swift */; };
		784F65BA216439ED0007D564 /* JotEvent.swift in Sources */ = {isa = PBXBuildFile; fileRef = 784F65B9216439ED0007D564 /* JotEvent.swift */; };
		784F65BC21643A160007D564 /* FollowUp.swift in Sources */ = {isa = PBXBuildFile; fileRef = 784F65BB21643A160007D564 /* FollowUp.swift */; };
		784F65BE21643AB80007D564 /* Reminder.swift in Sources */ = {isa = PBXBuildFile; fileRef = 784F65BD21643AB80007D564 /* Reminder.swift */; };
		784F65C021643AC70007D564 /* Initiative.swift in Sources */ = {isa = PBXBuildFile; fileRef = 784F65BF21643AC70007D564 /* Initiative.swift */; };
		92B1FC1F2175525400333A07 /* ExploreViewController.swift in Sources */ = {isa = PBXBuildFile; fileRef = 92B1FC1D2175525400333A07 /* ExploreViewController.swift */; };
		92B1FC202175525400333A07 /* ExploreViewController.xib in Resources */ = {isa = PBXBuildFile; fileRef = 92B1FC1E2175525400333A07 /* ExploreViewController.xib */; };
		92E440D321794BD4006F59A8 /* ExplorePresenter.swift in Sources */ = {isa = PBXBuildFile; fileRef = 92E440D221794BD4006F59A8 /* ExplorePresenter.swift */; };
		92E440DC21795A47006F59A8 /* JotTableViewCell.swift in Sources */ = {isa = PBXBuildFile; fileRef = 92E440DA21795A47006F59A8 /* JotTableViewCell.swift */; };
		92E440DD21795A47006F59A8 /* JotTableViewCell.xib in Resources */ = {isa = PBXBuildFile; fileRef = 92E440DB21795A47006F59A8 /* JotTableViewCell.xib */; };
		B72C80E7B338A5D2C58BF7A8 /* Pods_ContuityTests.framework in Frameworks */ = {isa = PBXBuildFile; fileRef = 627B4B3AD67A38D07635376F /* Pods_ContuityTests.framework */; };
		DDFC66D50989239275EB26E8 /* Pods_Contuity.framework in Frameworks */ = {isa = PBXBuildFile; fileRef = B0C5B146592AA402EC202DA2 /* Pods_Contuity.framework */; };
/* End PBXBuildFile section */

/* Begin PBXContainerItemProxy section */
		35E183C6215C63D40055BB01 /* PBXContainerItemProxy */ = {
			isa = PBXContainerItemProxy;
			containerPortal = 35E183A5215C63D30055BB01 /* Project object */;
			proxyType = 1;
			remoteGlobalIDString = 35E183AC215C63D30055BB01;
			remoteInfo = Contuity;
		};
/* End PBXContainerItemProxy section */

/* Begin PBXFileReference section */
		3214E7D73B974F6FB1AA59E5 /* Pods-ContuityTests.debug.xcconfig */ = {isa = PBXFileReference; includeInIndex = 1; lastKnownFileType = text.xcconfig; name = "Pods-ContuityTests.debug.xcconfig"; path = "Pods/Target Support Files/Pods-ContuityTests/Pods-ContuityTests.debug.xcconfig"; sourceTree = "<group>"; };
		35D8FBE12166ED0100D3EF19 /* ViewProtocol.swift */ = {isa = PBXFileReference; lastKnownFileType = sourcecode.swift; path = ViewProtocol.swift; sourceTree = "<group>"; };
		35D8FBE32166ED2100D3EF19 /* PresenterProtocol.swift */ = {isa = PBXFileReference; lastKnownFileType = sourcecode.swift; path = PresenterProtocol.swift; sourceTree = "<group>"; };
		35D8FBE62166ED6300D3EF19 /* WriteJotViewController.swift */ = {isa = PBXFileReference; lastKnownFileType = sourcecode.swift; path = WriteJotViewController.swift; sourceTree = "<group>"; };
		35D8FBE72166ED6300D3EF19 /* WriteJotViewController.xib */ = {isa = PBXFileReference; lastKnownFileType = file.xib; path = WriteJotViewController.xib; sourceTree = "<group>"; };
		35D8FBEC216ED04C00D3EF19 /* WriteJotPresenter.swift */ = {isa = PBXFileReference; lastKnownFileType = sourcecode.swift; path = WriteJotPresenter.swift; sourceTree = "<group>"; };
		35D8FC00216F8C4E00D3EF19 /* Prettify.swift */ = {isa = PBXFileReference; lastKnownFileType = sourcecode.swift; path = Prettify.swift; sourceTree = "<group>"; };
		35D8FC02216F8D4600D3EF19 /* TestHelper.swift */ = {isa = PBXFileReference; lastKnownFileType = sourcecode.swift; path = TestHelper.swift; sourceTree = "<group>"; };
		35D8FC0B2170132400D3EF19 /* PresenterProtocolTests.swift */ = {isa = PBXFileReference; lastKnownFileType = sourcecode.swift; path = PresenterProtocolTests.swift; sourceTree = "<group>"; };
		35D8FC0D2170139700D3EF19 /* WriteJotViewControllerTests.swift */ = {isa = PBXFileReference; lastKnownFileType = sourcecode.swift; path = WriteJotViewControllerTests.swift; sourceTree = "<group>"; };
		35D8FC0F217013BC00D3EF19 /* WriteJotPresenterTests.swift */ = {isa = PBXFileReference; lastKnownFileType = sourcecode.swift; path = WriteJotPresenterTests.swift; sourceTree = "<group>"; };
		35D8FC122172503800D3EF19 /* Base */ = {isa = PBXFileReference; lastKnownFileType = file.storyboard; name = Base; path = Base.lproj/LaunchScreen.storyboard; sourceTree = SOURCE_ROOT; };
		35D8FC142172559F00D3EF19 /* DatabaseInitializationProtocol.swift */ = {isa = PBXFileReference; lastKnownFileType = sourcecode.swift; path = DatabaseInitializationProtocol.swift; sourceTree = "<group>"; };
		35D8FC17217255DA00D3EF19 /* DatabaseError.swift */ = {isa = PBXFileReference; lastKnownFileType = sourcecode.swift; path = DatabaseError.swift; sourceTree = "<group>"; };
		35D8FC1D21725D6300D3EF19 /* DateExtension.swift */ = {isa = PBXFileReference; lastKnownFileType = sourcecode.swift; path = DateExtension.swift; sourceTree = "<group>"; };
		35E183AD215C63D30055BB01 /* Contuity.app */ = {isa = PBXFileReference; explicitFileType = wrapper.application; includeInIndex = 0; path = Contuity.app; sourceTree = BUILT_PRODUCTS_DIR; };
		35E183B0215C63D30055BB01 /* AppDelegate.swift */ = {isa = PBXFileReference; lastKnownFileType = sourcecode.swift; path = AppDelegate.swift; sourceTree = "<group>"; };
		35E183BB215C63D40055BB01 /* Assets.xcassets */ = {isa = PBXFileReference; lastKnownFileType = folder.assetcatalog; path = Assets.xcassets; sourceTree = "<group>"; };
		35E183C0215C63D40055BB01 /* Info.plist */ = {isa = PBXFileReference; lastKnownFileType = text.plist.xml; path = Info.plist; sourceTree = "<group>"; };
		35E183C5215C63D40055BB01 /* ContuityTests.xctest */ = {isa = PBXFileReference; explicitFileType = wrapper.cfbundle; includeInIndex = 0; path = ContuityTests.xctest; sourceTree = BUILT_PRODUCTS_DIR; };
		35E183CB215C63D40055BB01 /* Info.plist */ = {isa = PBXFileReference; lastKnownFileType = text.plist.xml; path = Info.plist; sourceTree = "<group>"; };
		461BB23A02736D9776FCF1B4 /* Pods-Contuity.debug.xcconfig */ = {isa = PBXFileReference; includeInIndex = 1; lastKnownFileType = text.xcconfig; name = "Pods-Contuity.debug.xcconfig"; path = "Pods/Target Support Files/Pods-Contuity/Pods-Contuity.debug.xcconfig"; sourceTree = "<group>"; };
		5DD2C59243C50D5E441307C4 /* Pods-Contuity.release.xcconfig */ = {isa = PBXFileReference; includeInIndex = 1; lastKnownFileType = text.xcconfig; name = "Pods-Contuity.release.xcconfig"; path = "Pods/Target Support Files/Pods-Contuity/Pods-Contuity.release.xcconfig"; sourceTree = "<group>"; };
		627B4B3AD67A38D07635376F /* Pods_ContuityTests.framework */ = {isa = PBXFileReference; explicitFileType = wrapper.framework; includeInIndex = 0; path = Pods_ContuityTests.framework; sourceTree = BUILT_PRODUCTS_DIR; };
		780242C22166CB6200642FFD /* initialize.swift */ = {isa = PBXFileReference; lastKnownFileType = sourcecode.swift; path = initialize.swift; sourceTree = "<group>"; };
		784F65B1216435E00007D564 /* Jot.swift */ = {isa = PBXFileReference; lastKnownFileType = sourcecode.swift; path = Jot.swift; sourceTree = "<group>"; };
		784F65B3216438880007D564 /* People.swift */ = {isa = PBXFileReference; lastKnownFileType = sourcecode.swift; path = People.swift; sourceTree = "<group>"; };
		784F65B52164391B0007D564 /* JotPeople.swift */ = {isa = PBXFileReference; lastKnownFileType = sourcecode.swift; path = JotPeople.swift; sourceTree = "<group>"; };
		784F65B7216439680007D564 /* Event.swift */ = {isa = PBXFileReference; lastKnownFileType = sourcecode.swift; path = Event.swift; sourceTree = "<group>"; };
		784F65B9216439ED0007D564 /* JotEvent.swift */ = {isa = PBXFileReference; lastKnownFileType = sourcecode.swift; path = JotEvent.swift; sourceTree = "<group>"; };
		784F65BB21643A160007D564 /* FollowUp.swift */ = {isa = PBXFileReference; lastKnownFileType = sourcecode.swift; path = FollowUp.swift; sourceTree = "<group>"; };
		784F65BD21643AB80007D564 /* Reminder.swift */ = {isa = PBXFileReference; lastKnownFileType = sourcecode.swift; path = Reminder.swift; sourceTree = "<group>"; };
		784F65BF21643AC70007D564 /* Initiative.swift */ = {isa = PBXFileReference; lastKnownFileType = sourcecode.swift; path = Initiative.swift; sourceTree = "<group>"; };
		92B1FC1D2175525400333A07 /* ExploreViewController.swift */ = {isa = PBXFileReference; lastKnownFileType = sourcecode.swift; path = ExploreViewController.swift; sourceTree = "<group>"; };
		92B1FC1E2175525400333A07 /* ExploreViewController.xib */ = {isa = PBXFileReference; lastKnownFileType = file.xib; path = ExploreViewController.xib; sourceTree = "<group>"; };
		92E440D221794BD4006F59A8 /* ExplorePresenter.swift */ = {isa = PBXFileReference; lastKnownFileType = sourcecode.swift; path = ExplorePresenter.swift; sourceTree = "<group>"; };
		92E440DA21795A47006F59A8 /* JotTableViewCell.swift */ = {isa = PBXFileReference; lastKnownFileType = sourcecode.swift; path = JotTableViewCell.swift; sourceTree = "<group>"; };
		92E440DB21795A47006F59A8 /* JotTableViewCell.xib */ = {isa = PBXFileReference; lastKnownFileType = file.xib; path = JotTableViewCell.xib; sourceTree = "<group>"; };
		B0C5B146592AA402EC202DA2 /* Pods_Contuity.framework */ = {isa = PBXFileReference; explicitFileType = wrapper.framework; includeInIndex = 0; path = Pods_Contuity.framework; sourceTree = BUILT_PRODUCTS_DIR; };
		B4FDA0361F033B089D6FD59D /* Pods-ContuityTests.release.xcconfig */ = {isa = PBXFileReference; includeInIndex = 1; lastKnownFileType = text.xcconfig; name = "Pods-ContuityTests.release.xcconfig"; path = "Pods/Target Support Files/Pods-ContuityTests/Pods-ContuityTests.release.xcconfig"; sourceTree = "<group>"; };
/* End PBXFileReference section */

/* Begin PBXFrameworksBuildPhase section */
		35E183AA215C63D30055BB01 /* Frameworks */ = {
			isa = PBXFrameworksBuildPhase;
			buildActionMask = 2147483647;
			files = (
				DDFC66D50989239275EB26E8 /* Pods_Contuity.framework in Frameworks */,
			);
			runOnlyForDeploymentPostprocessing = 0;
		};
		35E183C2215C63D40055BB01 /* Frameworks */ = {
			isa = PBXFrameworksBuildPhase;
			buildActionMask = 2147483647;
			files = (
				B72C80E7B338A5D2C58BF7A8 /* Pods_ContuityTests.framework in Frameworks */,
			);
			runOnlyForDeploymentPostprocessing = 0;
		};
/* End PBXFrameworksBuildPhase section */

/* Begin PBXGroup section */
		31A3BE10F4A7F4D5103A1CA4 /* Frameworks */ = {
			isa = PBXGroup;
			children = (
				B0C5B146592AA402EC202DA2 /* Pods_Contuity.framework */,
				627B4B3AD67A38D07635376F /* Pods_ContuityTests.framework */,
			);
			name = Frameworks;
			sourceTree = "<group>";
		};
		35D8FBE02166ECEF00D3EF19 /* Protocols */ = {
			isa = PBXGroup;
			children = (
				35D8FBE32166ED2100D3EF19 /* PresenterProtocol.swift */,
				35D8FC00216F8C4E00D3EF19 /* Prettify.swift */,
				35D8FBE12166ED0100D3EF19 /* ViewProtocol.swift */,
			);
			path = Protocols;
			sourceTree = "<group>";
		};
		35D8FBE52166ED4E00D3EF19 /* Views */ = {
			isa = PBXGroup;
			children = (
				92B1FC1C2175521A00333A07 /* Explore */,
				35D8FBEA216ED02500D3EF19 /* Jot */,
			);
			path = Views;
			sourceTree = "<group>";
		};
		35D8FBEA216ED02500D3EF19 /* Jot */ = {
			isa = PBXGroup;
			children = (
				35D8FBEB216ED03900D3EF19 /* Write */,
			);
			path = Jot;
			sourceTree = "<group>";
		};
		35D8FBEB216ED03900D3EF19 /* Write */ = {
			isa = PBXGroup;
			children = (
				35D8FBEC216ED04C00D3EF19 /* WriteJotPresenter.swift */,
				35D8FBE62166ED6300D3EF19 /* WriteJotViewController.swift */,
				35D8FBE72166ED6300D3EF19 /* WriteJotViewController.xib */,
			);
			path = Write;
			sourceTree = "<group>";
		};
		35D8FC04216F8D6200D3EF19 /* Views */ = {
			isa = PBXGroup;
			children = (
				35D8FC05216F8D6900D3EF19 /* Jot */,
			);
			path = Views;
			sourceTree = "<group>";
		};
		35D8FC05216F8D6900D3EF19 /* Jot */ = {
			isa = PBXGroup;
			children = (
				35D8FC06216F8D6E00D3EF19 /* Write */,
			);
			path = Jot;
			sourceTree = "<group>";
		};
		35D8FC06216F8D6E00D3EF19 /* Write */ = {
			isa = PBXGroup;
			children = (
				35D8FC0D2170139700D3EF19 /* WriteJotViewControllerTests.swift */,
				35D8FC0F217013BC00D3EF19 /* WriteJotPresenterTests.swift */,
			);
			path = Write;
			sourceTree = "<group>";
		};
		35D8FC07216F8D7800D3EF19 /* Protocols */ = {
			isa = PBXGroup;
			children = (
				35D8FC0B2170132400D3EF19 /* PresenterProtocolTests.swift */,
			);
			path = Protocols;
			sourceTree = "<group>";
		};
		35D8FC16217255CA00D3EF19 /* Protocols */ = {
			isa = PBXGroup;
			children = (
				35D8FC17217255DA00D3EF19 /* DatabaseError.swift */,
				35D8FC142172559F00D3EF19 /* DatabaseInitializationProtocol.swift */,
			);
			path = Protocols;
			sourceTree = "<group>";
		};
		35D8FC1921725A0D00D3EF19 /* Utilities */ = {
			isa = PBXGroup;
			children = (
				35D8FC1A21725A2600D3EF19 /* Extensions */,
			);
			path = Utilities;
			sourceTree = "<group>";
		};
		35D8FC1A21725A2600D3EF19 /* Extensions */ = {
			isa = PBXGroup;
			children = (
				35D8FC1D21725D6300D3EF19 /* DateExtension.swift */,
			);
			path = Extensions;
			sourceTree = "<group>";
		};
		35E183A4215C63D30055BB01 = {
			isa = PBXGroup;
			children = (
				35E183AF215C63D30055BB01 /* Contuity */,
				35E183C8215C63D40055BB01 /* ContuityTests */,
				35E183AE215C63D30055BB01 /* Products */,
				FB0265FDFBA69E1084C21057 /* Pods */,
				31A3BE10F4A7F4D5103A1CA4 /* Frameworks */,
			);
			sourceTree = "<group>";
		};
		35E183AE215C63D30055BB01 /* Products */ = {
			isa = PBXGroup;
			children = (
				35E183AD215C63D30055BB01 /* Contuity.app */,
				35E183C5215C63D40055BB01 /* ContuityTests.xctest */,
			);
			name = Products;
			sourceTree = "<group>";
		};
		35E183AF215C63D30055BB01 /* Contuity */ = {
			isa = PBXGroup;
			children = (
				780242C12166CB3900642FFD /* Database */,
				784F65B0216435A30007D564 /* Models */,
				35E183B0215C63D30055BB01 /* AppDelegate.swift */,
				35E183BB215C63D40055BB01 /* Assets.xcassets */,
				35E183C0215C63D40055BB01 /* Info.plist */,
				35D8FC112172503800D3EF19 /* LaunchScreen.storyboard */,
				35D8FBE02166ECEF00D3EF19 /* Protocols */,
				35D8FC1921725A0D00D3EF19 /* Utilities */,
				35D8FBE52166ED4E00D3EF19 /* Views */,
			);
			path = Contuity;
			sourceTree = "<group>";
		};
		35E183C8215C63D40055BB01 /* ContuityTests */ = {
			isa = PBXGroup;
			children = (
				35E183CB215C63D40055BB01 /* Info.plist */,
				35D8FC02216F8D4600D3EF19 /* TestHelper.swift */,
				35D8FC07216F8D7800D3EF19 /* Protocols */,
				35D8FC04216F8D6200D3EF19 /* Views */,
			);
			path = ContuityTests;
			sourceTree = "<group>";
		};
		780242C12166CB3900642FFD /* Database */ = {
			isa = PBXGroup;
			children = (
				780242C22166CB6200642FFD /* initialize.swift */,
			);
			path = Database;
			sourceTree = "<group>";
		};
		784F65B0216435A30007D564 /* Models */ = {
			isa = PBXGroup;
			children = (
				35D8FC16217255CA00D3EF19 /* Protocols */,
				784F65B1216435E00007D564 /* Jot.swift */,
				784F65B3216438880007D564 /* People.swift */,
				784F65B52164391B0007D564 /* JotPeople.swift */,
				784F65B7216439680007D564 /* Event.swift */,
				784F65B9216439ED0007D564 /* JotEvent.swift */,
				784F65BB21643A160007D564 /* FollowUp.swift */,
				784F65BD21643AB80007D564 /* Reminder.swift */,
				784F65BF21643AC70007D564 /* Initiative.swift */,
			);
			path = Models;
			sourceTree = "<group>";
		};
		92B1FC1C2175521A00333A07 /* Explore */ = {
			isa = PBXGroup;
			children = (
				92E440D921795A1B006F59A8 /* JotTableViewCell */,
				92E440D221794BD4006F59A8 /* ExplorePresenter.swift */,
				92B1FC1D2175525400333A07 /* ExploreViewController.swift */,
				92B1FC1E2175525400333A07 /* ExploreViewController.xib */,
			);
			path = Explore;
			sourceTree = "<group>";
		};
		92E440D921795A1B006F59A8 /* JotTableViewCell */ = {
			isa = PBXGroup;
			children = (
				92E440DA21795A47006F59A8 /* JotTableViewCell.swift */,
				92E440DB21795A47006F59A8 /* JotTableViewCell.xib */,
			);
			path = JotTableViewCell;
			sourceTree = "<group>";
		};
		FB0265FDFBA69E1084C21057 /* Pods */ = {
			isa = PBXGroup;
			children = (
				461BB23A02736D9776FCF1B4 /* Pods-Contuity.debug.xcconfig */,
				5DD2C59243C50D5E441307C4 /* Pods-Contuity.release.xcconfig */,
				3214E7D73B974F6FB1AA59E5 /* Pods-ContuityTests.debug.xcconfig */,
				B4FDA0361F033B089D6FD59D /* Pods-ContuityTests.release.xcconfig */,
			);
			name = Pods;
			sourceTree = "<group>";
		};
/* End PBXGroup section */

/* Begin PBXNativeTarget section */
		35E183AC215C63D30055BB01 /* Contuity */ = {
			isa = PBXNativeTarget;
			buildConfigurationList = 35E183CE215C63D40055BB01 /* Build configuration list for PBXNativeTarget "Contuity" */;
			buildPhases = (
				3B2078A09F3EEAADFD97F0AA /* [CP] Check Pods Manifest.lock */,
				35E183A9215C63D30055BB01 /* Sources */,
				35E183AA215C63D30055BB01 /* Frameworks */,
				35E183AB215C63D30055BB01 /* Resources */,
				A622B0F88B3BD8D53B0689EC /* [CP] Embed Pods Frameworks */,
				35A66D15215C78DC00593D20 /* ShellScript */,
			);
			buildRules = (
			);
			dependencies = (
			);
			name = Contuity;
			productName = Contuity;
			productReference = 35E183AD215C63D30055BB01 /* Contuity.app */;
			productType = "com.apple.product-type.application";
		};
		35E183C4215C63D40055BB01 /* ContuityTests */ = {
			isa = PBXNativeTarget;
			buildConfigurationList = 35E183D1215C63D40055BB01 /* Build configuration list for PBXNativeTarget "ContuityTests" */;
			buildPhases = (
				0E3F419CD5B696C4B2E41A40 /* [CP] Check Pods Manifest.lock */,
				35E183C1215C63D40055BB01 /* Sources */,
				35E183C2215C63D40055BB01 /* Frameworks */,
				35E183C3215C63D40055BB01 /* Resources */,
				05CBFCDCCEFB7986B92B4B9F /* [CP] Embed Pods Frameworks */,
				35A66D16215C78ED00593D20 /* ShellScript */,
			);
			buildRules = (
			);
			dependencies = (
				35E183C7215C63D40055BB01 /* PBXTargetDependency */,
			);
			name = ContuityTests;
			productName = ContuityTests;
			productReference = 35E183C5215C63D40055BB01 /* ContuityTests.xctest */;
			productType = "com.apple.product-type.bundle.unit-test";
		};
/* End PBXNativeTarget section */

/* Begin PBXProject section */
		35E183A5215C63D30055BB01 /* Project object */ = {
			isa = PBXProject;
			attributes = {
				LastSwiftUpdateCheck = 1000;
				LastUpgradeCheck = 1000;
				ORGANIZATIONNAME = Generate;
				TargetAttributes = {
					35E183AC215C63D30055BB01 = {
						CreatedOnToolsVersion = 10.0;
					};
					35E183C4215C63D40055BB01 = {
						CreatedOnToolsVersion = 10.0;
						TestTargetID = 35E183AC215C63D30055BB01;
					};
				};
			};
			buildConfigurationList = 35E183A8215C63D30055BB01 /* Build configuration list for PBXProject "Contuity" */;
			compatibilityVersion = "Xcode 9.3";
			developmentRegion = en;
			hasScannedForEncodings = 0;
			knownRegions = (
				en,
				Base,
			);
			mainGroup = 35E183A4215C63D30055BB01;
			productRefGroup = 35E183AE215C63D30055BB01 /* Products */;
			projectDirPath = "";
			projectRoot = "";
			targets = (
				35E183AC215C63D30055BB01 /* Contuity */,
				35E183C4215C63D40055BB01 /* ContuityTests */,
			);
		};
/* End PBXProject section */

/* Begin PBXResourcesBuildPhase section */
		35E183AB215C63D30055BB01 /* Resources */ = {
			isa = PBXResourcesBuildPhase;
			buildActionMask = 2147483647;
			files = (
				35D8FC132172503800D3EF19 /* LaunchScreen.storyboard in Resources */,
				35E183BC215C63D40055BB01 /* Assets.xcassets in Resources */,
				35D8FBE92166ED6300D3EF19 /* WriteJotViewController.xib in Resources */,
				92B1FC202175525400333A07 /* ExploreViewController.xib in Resources */,
				92E440DD21795A47006F59A8 /* JotTableViewCell.xib in Resources */,
			);
			runOnlyForDeploymentPostprocessing = 0;
		};
		35E183C3215C63D40055BB01 /* Resources */ = {
			isa = PBXResourcesBuildPhase;
			buildActionMask = 2147483647;
			files = (
			);
			runOnlyForDeploymentPostprocessing = 0;
		};
/* End PBXResourcesBuildPhase section */

/* Begin PBXShellScriptBuildPhase section */
		05CBFCDCCEFB7986B92B4B9F /* [CP] Embed Pods Frameworks */ = {
			isa = PBXShellScriptBuildPhase;
			buildActionMask = 2147483647;
			files = (
			);
			inputPaths = (
				"${SRCROOT}/Pods/Target Support Files/Pods-ContuityTests/Pods-ContuityTests-frameworks.sh",
				"${BUILT_PRODUCTS_DIR}/SQLite.swift/SQLite.framework",
			);
			name = "[CP] Embed Pods Frameworks";
			outputPaths = (
				"${TARGET_BUILD_DIR}/${FRAMEWORKS_FOLDER_PATH}/SQLite.framework",
			);
			runOnlyForDeploymentPostprocessing = 0;
			shellPath = /bin/sh;
			shellScript = "\"${SRCROOT}/Pods/Target Support Files/Pods-ContuityTests/Pods-ContuityTests-frameworks.sh\"\n";
			showEnvVarsInLog = 0;
		};
		0E3F419CD5B696C4B2E41A40 /* [CP] Check Pods Manifest.lock */ = {
			isa = PBXShellScriptBuildPhase;
			buildActionMask = 2147483647;
			files = (
			);
			inputPaths = (
				"${PODS_PODFILE_DIR_PATH}/Podfile.lock",
				"${PODS_ROOT}/Manifest.lock",
			);
			name = "[CP] Check Pods Manifest.lock";
			outputPaths = (
				"$(DERIVED_FILE_DIR)/Pods-ContuityTests-checkManifestLockResult.txt",
			);
			runOnlyForDeploymentPostprocessing = 0;
			shellPath = /bin/sh;
			shellScript = "diff \"${PODS_PODFILE_DIR_PATH}/Podfile.lock\" \"${PODS_ROOT}/Manifest.lock\" > /dev/null\nif [ $? != 0 ] ; then\n    # print error to STDERR\n    echo \"error: The sandbox is not in sync with the Podfile.lock. Run 'pod install' or update your CocoaPods installation.\" >&2\n    exit 1\nfi\n# This output is used by Xcode 'outputs' to avoid re-running this script phase.\necho \"SUCCESS\" > \"${SCRIPT_OUTPUT_FILE_0}\"\n";
			showEnvVarsInLog = 0;
		};
		35A66D15215C78DC00593D20 /* ShellScript */ = {
			isa = PBXShellScriptBuildPhase;
			buildActionMask = 2147483647;
			files = (
			);
			inputFileListPaths = (
			);
			inputPaths = (
			);
			outputFileListPaths = (
			);
			outputPaths = (
			);
			runOnlyForDeploymentPostprocessing = 0;
			shellPath = /bin/sh;
			shellScript = "\"${PODS_ROOT}/SwiftLint/swiftlint\"\n";
			showEnvVarsInLog = 0;
		};
		35A66D16215C78ED00593D20 /* ShellScript */ = {
			isa = PBXShellScriptBuildPhase;
			buildActionMask = 2147483647;
			files = (
			);
			inputFileListPaths = (
			);
			inputPaths = (
			);
			outputFileListPaths = (
			);
			outputPaths = (
			);
			runOnlyForDeploymentPostprocessing = 0;
			shellPath = /bin/sh;
			shellScript = "\"${PODS_ROOT}/SwiftLint/swiftlint\"\n";
			showEnvVarsInLog = 0;
		};
		3B2078A09F3EEAADFD97F0AA /* [CP] Check Pods Manifest.lock */ = {
			isa = PBXShellScriptBuildPhase;
			buildActionMask = 2147483647;
			files = (
			);
			inputPaths = (
				"${PODS_PODFILE_DIR_PATH}/Podfile.lock",
				"${PODS_ROOT}/Manifest.lock",
			);
			name = "[CP] Check Pods Manifest.lock";
			outputPaths = (
				"$(DERIVED_FILE_DIR)/Pods-Contuity-checkManifestLockResult.txt",
			);
			runOnlyForDeploymentPostprocessing = 0;
			shellPath = /bin/sh;
			shellScript = "diff \"${PODS_PODFILE_DIR_PATH}/Podfile.lock\" \"${PODS_ROOT}/Manifest.lock\" > /dev/null\nif [ $? != 0 ] ; then\n    # print error to STDERR\n    echo \"error: The sandbox is not in sync with the Podfile.lock. Run 'pod install' or update your CocoaPods installation.\" >&2\n    exit 1\nfi\n# This output is used by Xcode 'outputs' to avoid re-running this script phase.\necho \"SUCCESS\" > \"${SCRIPT_OUTPUT_FILE_0}\"\n";
			showEnvVarsInLog = 0;
		};
		A622B0F88B3BD8D53B0689EC /* [CP] Embed Pods Frameworks */ = {
			isa = PBXShellScriptBuildPhase;
			buildActionMask = 2147483647;
			files = (
			);
			inputPaths = (
				"${SRCROOT}/Pods/Target Support Files/Pods-Contuity/Pods-Contuity-frameworks.sh",
				"${BUILT_PRODUCTS_DIR}/SQLite.swift/SQLite.framework",
			);
			name = "[CP] Embed Pods Frameworks";
			outputPaths = (
				"${TARGET_BUILD_DIR}/${FRAMEWORKS_FOLDER_PATH}/SQLite.framework",
			);
			runOnlyForDeploymentPostprocessing = 0;
			shellPath = /bin/sh;
			shellScript = "\"${SRCROOT}/Pods/Target Support Files/Pods-Contuity/Pods-Contuity-frameworks.sh\"\n";
			showEnvVarsInLog = 0;
		};
/* End PBXShellScriptBuildPhase section */

/* Begin PBXSourcesBuildPhase section */
		35E183A9215C63D30055BB01 /* Sources */ = {
			isa = PBXSourcesBuildPhase;
			buildActionMask = 2147483647;
			files = (
				35D8FC01216F8C4E00D3EF19 /* Prettify.swift in Sources */,
				35D8FBE22166ED0100D3EF19 /* ViewProtocol.swift in Sources */,
				35D8FBED216ED04C00D3EF19 /* WriteJotPresenter.swift in Sources */,
				35D8FC18217255DA00D3EF19 /* DatabaseError.swift in Sources */,
				35E183B1215C63D30055BB01 /* AppDelegate.swift in Sources */,
				35D8FBE82166ED6300D3EF19 /* WriteJotViewController.swift in Sources */,
				35D8FBE42166ED2100D3EF19 /* PresenterProtocol.swift in Sources */,
				784F65BA216439ED0007D564 /* JotEvent.swift in Sources */,
				784F65B62164391B0007D564 /* JotPeople.swift in Sources */,
				784F65BC21643A160007D564 /* FollowUp.swift in Sources */,
				92E440DC21795A47006F59A8 /* JotTableViewCell.swift in Sources */,
				784F65B4216438880007D564 /* People.swift in Sources */,
				92E440D321794BD4006F59A8 /* ExplorePresenter.swift in Sources */,
				92B1FC1F2175525400333A07 /* ExploreViewController.swift in Sources */,
				780242C32166CB6200642FFD /* initialize.swift in Sources */,
				784F65B2216435E00007D564 /* Jot.swift in Sources */,
				35D8FC1E21725D6300D3EF19 /* DateExtension.swift in Sources */,
				784F65B8216439680007D564 /* Event.swift in Sources */,
				784F65C021643AC70007D564 /* Initiative.swift in Sources */,
				35D8FC152172559F00D3EF19 /* DatabaseInitializationProtocol.swift in Sources */,
				784F65BE21643AB80007D564 /* Reminder.swift in Sources */,
			);
			runOnlyForDeploymentPostprocessing = 0;
		};
		35E183C1215C63D40055BB01 /* Sources */ = {
			isa = PBXSourcesBuildPhase;
			buildActionMask = 2147483647;
			files = (
				35D8FC0E2170139700D3EF19 /* WriteJotViewControllerTests.swift in Sources */,
				35D8FC0C2170132400D3EF19 /* PresenterProtocolTests.swift in Sources */,
				35D8FC10217013BC00D3EF19 /* WriteJotPresenterTests.swift in Sources */,
				35D8FC03216F8D4600D3EF19 /* TestHelper.swift in Sources */,
			);
			runOnlyForDeploymentPostprocessing = 0;
		};
/* End PBXSourcesBuildPhase section */

/* Begin PBXTargetDependency section */
		35E183C7215C63D40055BB01 /* PBXTargetDependency */ = {
			isa = PBXTargetDependency;
			target = 35E183AC215C63D30055BB01 /* Contuity */;
			targetProxy = 35E183C6215C63D40055BB01 /* PBXContainerItemProxy */;
		};
/* End PBXTargetDependency section */

/* Begin PBXVariantGroup section */
		35D8FC112172503800D3EF19 /* LaunchScreen.storyboard */ = {
			isa = PBXVariantGroup;
			children = (
				35D8FC122172503800D3EF19 /* Base */,
			);
			name = LaunchScreen.storyboard;
			sourceTree = "<group>";
		};
/* End PBXVariantGroup section */

/* Begin XCBuildConfiguration section */
		35E183CC215C63D40055BB01 /* Debug */ = {
			isa = XCBuildConfiguration;
			buildSettings = {
				ALWAYS_SEARCH_USER_PATHS = NO;
				CLANG_ANALYZER_NONNULL = YES;
				CLANG_ANALYZER_NUMBER_OBJECT_CONVERSION = YES_AGGRESSIVE;
				CLANG_CXX_LANGUAGE_STANDARD = "gnu++14";
				CLANG_CXX_LIBRARY = "libc++";
				CLANG_ENABLE_MODULES = YES;
				CLANG_ENABLE_OBJC_ARC = YES;
				CLANG_ENABLE_OBJC_WEAK = YES;
				CLANG_WARN_BLOCK_CAPTURE_AUTORELEASING = YES;
				CLANG_WARN_BOOL_CONVERSION = YES;
				CLANG_WARN_COMMA = YES;
				CLANG_WARN_CONSTANT_CONVERSION = YES;
				CLANG_WARN_DEPRECATED_OBJC_IMPLEMENTATIONS = YES;
				CLANG_WARN_DIRECT_OBJC_ISA_USAGE = YES_ERROR;
				CLANG_WARN_DOCUMENTATION_COMMENTS = YES;
				CLANG_WARN_EMPTY_BODY = YES;
				CLANG_WARN_ENUM_CONVERSION = YES;
				CLANG_WARN_INFINITE_RECURSION = YES;
				CLANG_WARN_INT_CONVERSION = YES;
				CLANG_WARN_NON_LITERAL_NULL_CONVERSION = YES;
				CLANG_WARN_OBJC_IMPLICIT_RETAIN_SELF = YES;
				CLANG_WARN_OBJC_LITERAL_CONVERSION = YES;
				CLANG_WARN_OBJC_ROOT_CLASS = YES_ERROR;
				CLANG_WARN_RANGE_LOOP_ANALYSIS = YES;
				CLANG_WARN_STRICT_PROTOTYPES = YES;
				CLANG_WARN_SUSPICIOUS_MOVE = YES;
				CLANG_WARN_UNGUARDED_AVAILABILITY = YES_AGGRESSIVE;
				CLANG_WARN_UNREACHABLE_CODE = YES;
				CLANG_WARN__DUPLICATE_METHOD_MATCH = YES;
				CODE_SIGN_IDENTITY = "iPhone Developer";
				COPY_PHASE_STRIP = NO;
				DEBUG_INFORMATION_FORMAT = dwarf;
				ENABLE_STRICT_OBJC_MSGSEND = YES;
				ENABLE_TESTABILITY = YES;
				GCC_C_LANGUAGE_STANDARD = gnu11;
				GCC_DYNAMIC_NO_PIC = NO;
				GCC_NO_COMMON_BLOCKS = YES;
				GCC_OPTIMIZATION_LEVEL = 0;
				GCC_PREPROCESSOR_DEFINITIONS = (
					"DEBUG=1",
					"$(inherited)",
				);
				GCC_WARN_64_TO_32_BIT_CONVERSION = YES;
				GCC_WARN_ABOUT_RETURN_TYPE = YES_ERROR;
				GCC_WARN_UNDECLARED_SELECTOR = YES;
				GCC_WARN_UNINITIALIZED_AUTOS = YES_AGGRESSIVE;
				GCC_WARN_UNUSED_FUNCTION = YES;
				GCC_WARN_UNUSED_VARIABLE = YES;
				IPHONEOS_DEPLOYMENT_TARGET = 12.0;
				MTL_ENABLE_DEBUG_INFO = INCLUDE_SOURCE;
				MTL_FAST_MATH = YES;
				ONLY_ACTIVE_ARCH = YES;
				SDKROOT = iphoneos;
				SWIFT_ACTIVE_COMPILATION_CONDITIONS = DEBUG;
				SWIFT_OPTIMIZATION_LEVEL = "-Onone";
			};
			name = Debug;
		};
		35E183CD215C63D40055BB01 /* Release */ = {
			isa = XCBuildConfiguration;
			buildSettings = {
				ALWAYS_SEARCH_USER_PATHS = NO;
				CLANG_ANALYZER_NONNULL = YES;
				CLANG_ANALYZER_NUMBER_OBJECT_CONVERSION = YES_AGGRESSIVE;
				CLANG_CXX_LANGUAGE_STANDARD = "gnu++14";
				CLANG_CXX_LIBRARY = "libc++";
				CLANG_ENABLE_MODULES = YES;
				CLANG_ENABLE_OBJC_ARC = YES;
				CLANG_ENABLE_OBJC_WEAK = YES;
				CLANG_WARN_BLOCK_CAPTURE_AUTORELEASING = YES;
				CLANG_WARN_BOOL_CONVERSION = YES;
				CLANG_WARN_COMMA = YES;
				CLANG_WARN_CONSTANT_CONVERSION = YES;
				CLANG_WARN_DEPRECATED_OBJC_IMPLEMENTATIONS = YES;
				CLANG_WARN_DIRECT_OBJC_ISA_USAGE = YES_ERROR;
				CLANG_WARN_DOCUMENTATION_COMMENTS = YES;
				CLANG_WARN_EMPTY_BODY = YES;
				CLANG_WARN_ENUM_CONVERSION = YES;
				CLANG_WARN_INFINITE_RECURSION = YES;
				CLANG_WARN_INT_CONVERSION = YES;
				CLANG_WARN_NON_LITERAL_NULL_CONVERSION = YES;
				CLANG_WARN_OBJC_IMPLICIT_RETAIN_SELF = YES;
				CLANG_WARN_OBJC_LITERAL_CONVERSION = YES;
				CLANG_WARN_OBJC_ROOT_CLASS = YES_ERROR;
				CLANG_WARN_RANGE_LOOP_ANALYSIS = YES;
				CLANG_WARN_STRICT_PROTOTYPES = YES;
				CLANG_WARN_SUSPICIOUS_MOVE = YES;
				CLANG_WARN_UNGUARDED_AVAILABILITY = YES_AGGRESSIVE;
				CLANG_WARN_UNREACHABLE_CODE = YES;
				CLANG_WARN__DUPLICATE_METHOD_MATCH = YES;
				CODE_SIGN_IDENTITY = "iPhone Developer";
				COPY_PHASE_STRIP = NO;
				DEBUG_INFORMATION_FORMAT = "dwarf-with-dsym";
				ENABLE_NS_ASSERTIONS = NO;
				ENABLE_STRICT_OBJC_MSGSEND = YES;
				GCC_C_LANGUAGE_STANDARD = gnu11;
				GCC_NO_COMMON_BLOCKS = YES;
				GCC_WARN_64_TO_32_BIT_CONVERSION = YES;
				GCC_WARN_ABOUT_RETURN_TYPE = YES_ERROR;
				GCC_WARN_UNDECLARED_SELECTOR = YES;
				GCC_WARN_UNINITIALIZED_AUTOS = YES_AGGRESSIVE;
				GCC_WARN_UNUSED_FUNCTION = YES;
				GCC_WARN_UNUSED_VARIABLE = YES;
				IPHONEOS_DEPLOYMENT_TARGET = 12.0;
				MTL_ENABLE_DEBUG_INFO = NO;
				MTL_FAST_MATH = YES;
				SDKROOT = iphoneos;
				SWIFT_COMPILATION_MODE = wholemodule;
				SWIFT_OPTIMIZATION_LEVEL = "-O";
				VALIDATE_PRODUCT = YES;
			};
			name = Release;
		};
		35E183CF215C63D40055BB01 /* Debug */ = {
			isa = XCBuildConfiguration;
			baseConfigurationReference = 461BB23A02736D9776FCF1B4 /* Pods-Contuity.debug.xcconfig */;
			buildSettings = {
				ASSETCATALOG_COMPILER_APPICON_NAME = AppIcon;
				CODE_SIGN_STYLE = Automatic;
				DEVELOPMENT_TEAM = "";
				INFOPLIST_FILE = Contuity/Info.plist;
				LD_RUNPATH_SEARCH_PATHS = (
					"$(inherited)",
					"@executable_path/Frameworks",
				);
				PRODUCT_BUNDLE_IDENTIFIER = edu.northeastern.generate.Contuity;
				PRODUCT_NAME = "$(TARGET_NAME)";
				SWIFT_VERSION = 4.2;
				TARGETED_DEVICE_FAMILY = "1,2";
			};
			name = Debug;
		};
		35E183D0215C63D40055BB01 /* Release */ = {
			isa = XCBuildConfiguration;
			baseConfigurationReference = 5DD2C59243C50D5E441307C4 /* Pods-Contuity.release.xcconfig */;
			buildSettings = {
				ASSETCATALOG_COMPILER_APPICON_NAME = AppIcon;
				CODE_SIGN_STYLE = Automatic;
				DEVELOPMENT_TEAM = "";
				INFOPLIST_FILE = Contuity/Info.plist;
				LD_RUNPATH_SEARCH_PATHS = (
					"$(inherited)",
					"@executable_path/Frameworks",
				);
				PRODUCT_BUNDLE_IDENTIFIER = edu.northeastern.generate.Contuity;
				PRODUCT_NAME = "$(TARGET_NAME)";
				SWIFT_VERSION = 4.2;
				TARGETED_DEVICE_FAMILY = "1,2";
			};
			name = Release;
		};
		35E183D2215C63D40055BB01 /* Debug */ = {
			isa = XCBuildConfiguration;
			baseConfigurationReference = 3214E7D73B974F6FB1AA59E5 /* Pods-ContuityTests.debug.xcconfig */;
			buildSettings = {
				ALWAYS_EMBED_SWIFT_STANDARD_LIBRARIES = "$(inherited)";
				BUNDLE_LOADER = "$(TEST_HOST)";
				CODE_SIGN_STYLE = Automatic;
				INFOPLIST_FILE = ContuityTests/Info.plist;
				LD_RUNPATH_SEARCH_PATHS = (
					"$(inherited)",
					"@executable_path/Frameworks",
					"@loader_path/Frameworks",
				);
				PRODUCT_BUNDLE_IDENTIFIER = edu.northeastern.generate.ContuityTests;
				PRODUCT_NAME = "$(TARGET_NAME)";
				SWIFT_VERSION = 4.2;
				TARGETED_DEVICE_FAMILY = "1,2";
				TEST_HOST = "$(BUILT_PRODUCTS_DIR)/Contuity.app/Contuity";
			};
			name = Debug;
		};
		35E183D3215C63D40055BB01 /* Release */ = {
			isa = XCBuildConfiguration;
			baseConfigurationReference = B4FDA0361F033B089D6FD59D /* Pods-ContuityTests.release.xcconfig */;
			buildSettings = {
				ALWAYS_EMBED_SWIFT_STANDARD_LIBRARIES = "$(inherited)";
				BUNDLE_LOADER = "$(TEST_HOST)";
				CODE_SIGN_STYLE = Automatic;
				INFOPLIST_FILE = ContuityTests/Info.plist;
				LD_RUNPATH_SEARCH_PATHS = (
					"$(inherited)",
					"@executable_path/Frameworks",
					"@loader_path/Frameworks",
				);
				PRODUCT_BUNDLE_IDENTIFIER = edu.northeastern.generate.ContuityTests;
				PRODUCT_NAME = "$(TARGET_NAME)";
				SWIFT_VERSION = 4.2;
				TARGETED_DEVICE_FAMILY = "1,2";
				TEST_HOST = "$(BUILT_PRODUCTS_DIR)/Contuity.app/Contuity";
			};
			name = Release;
		};
/* End XCBuildConfiguration section */

/* Begin XCConfigurationList section */
		35E183A8215C63D30055BB01 /* Build configuration list for PBXProject "Contuity" */ = {
			isa = XCConfigurationList;
			buildConfigurations = (
				35E183CC215C63D40055BB01 /* Debug */,
				35E183CD215C63D40055BB01 /* Release */,
			);
			defaultConfigurationIsVisible = 0;
			defaultConfigurationName = Release;
		};
		35E183CE215C63D40055BB01 /* Build configuration list for PBXNativeTarget "Contuity" */ = {
			isa = XCConfigurationList;
			buildConfigurations = (
				35E183CF215C63D40055BB01 /* Debug */,
				35E183D0215C63D40055BB01 /* Release */,
			);
			defaultConfigurationIsVisible = 0;
			defaultConfigurationName = Release;
		};
		35E183D1215C63D40055BB01 /* Build configuration list for PBXNativeTarget "ContuityTests" */ = {
			isa = XCConfigurationList;
			buildConfigurations = (
				35E183D2215C63D40055BB01 /* Debug */,
				35E183D3215C63D40055BB01 /* Release */,
			);
			defaultConfigurationIsVisible = 0;
			defaultConfigurationName = Release;
		};
/* End XCConfigurationList section */
	};
	rootObject = 35E183A5215C63D30055BB01 /* Project object */;
}
